
Microsoft Visual Studio Solution File, Format Version 12.00
# Visual Studio Version 16
VisualStudioVersion = 16.0.28922.388
MinimumVisualStudioVersion = 10.0.40219.1
Project("{9A19103F-16F7-4668-BE54-9A1E7A4F7556}") = "Nca.Library", "Nca.Library\Nca.Library.csproj", "{9BA8ECB2-5D16-47F4-8DC5-59480669A560}"
EndProject
Project("{9A19103F-16F7-4668-BE54-9A1E7A4F7556}") = "Nca.Test", "Nca.Test\Nca.Test.csproj", "{E60B06BD-6FFE-4C3B-8496-63A4EF5AFAB8}"
EndProject
Project("{9A19103F-16F7-4668-BE54-9A1E7A4F7556}") = "Nca.Web.Spa", "Nca.Web.Spa\Nca.Web.Spa.csproj", "{7FB453DF-52C1-42A7-8743-0B45F2DA1725}"
EndProject
Project("{9A19103F-16F7-4668-BE54-9A1E7A4F7556}") = "Nca.MigrationTool", "Nca.MigrationTool\Nca.MigrationTool.csproj", "{09BE248B-4A48-45D3-9BCF-FFD6C3F83B5D}"
EndProject
Project("{9A19103F-16F7-4668-BE54-9A1E7A4F7556}") = "Nca.Scrape", "Nca.Scrape\Nca.Scrape.csproj", "{DF995444-58CE-4765-8982-BB866142BE5E}"
EndProject
Project("{2150E333-8FDC-42A3-9474-1A3956D46DE8}") = "Templates", "Templates", "{7F72A9EB-D0F7-4BCD-B4C3-197ACC8D3BDF}"
EndProject
Project("{2150E333-8FDC-42A3-9474-1A3956D46DE8}") = "Fontent", "Fontent", "{5405D98F-78CD-436C-8C6C-9895C30330C9}"
EndProject
Project("{2150E333-8FDC-42A3-9474-1A3956D46DE8}") = "Backend", "Backend", "{A93C7EC5-A6C5-464A-A413-BA5E4E51B5EE}"
EndProject
Project("{2150E333-8FDC-42A3-9474-1A3956D46DE8}") = "ReactMaterialAdmin", "ReactMaterialAdmin", "{338C6DD7-84A1-481A-BE33-158BBA064985}"
EndProject
Project("{9A19103F-16F7-4668-BE54-9A1E7A4F7556}") = "Nca.Web.React", "Nca.Web.React\Nca.Web.React.csproj", "{A7583774-E6AC-4AB8-A892-027CF22A990A}"
EndProject
Project("{9A19103F-16F7-4668-BE54-9A1E7A4F7556}") = "Nca.Web.Angular", "Nca.Web.Angular\Nca.Web.Angular.csproj", "{AB71E00C-182A-4A8B-A8D8-1639B69D041B}"
EndProject
Project("{FAE04EC0-301F-11D3-BF4B-00C04F79EFBC}") = "Nca.Web.React.Spa", "Nca.Web.React.Spa\Nca.Web.React.Spa.csproj", "{A51CB1B9-4609-4DC8-BD92-FCDCA1BF5276}"
EndProject
Global
	GlobalSection(SolutionConfigurationPlatforms) = preSolution
		Debug|Any CPU = Debug|Any CPU
		Release|Any CPU = Release|Any CPU
	EndGlobalSection
	GlobalSection(ProjectConfigurationPlatforms) = postSolution
		{9BA8ECB2-5D16-47F4-8DC5-59480669A560}.Debug|Any CPU.ActiveCfg = Debug|Any CPU
		{9BA8ECB2-5D16-47F4-8DC5-59480669A560}.Debug|Any CPU.Build.0 = Debug|Any CPU
		{9BA8ECB2-5D16-47F4-8DC5-59480669A560}.Release|Any CPU.ActiveCfg = Release|Any CPU
		{9BA8ECB2-5D16-47F4-8DC5-59480669A560}.Release|Any CPU.Build.0 = Release|Any CPU
		{E60B06BD-6FFE-4C3B-8496-63A4EF5AFAB8}.Debug|Any CPU.ActiveCfg = Debug|Any CPU
		{E60B06BD-6FFE-4C3B-8496-63A4EF5AFAB8}.Debug|Any CPU.Build.0 = Debug|Any CPU
		{E60B06BD-6FFE-4C3B-8496-63A4EF5AFAB8}.Release|Any CPU.ActiveCfg = Release|Any CPU
		{E60B06BD-6FFE-4C3B-8496-63A4EF5AFAB8}.Release|Any CPU.Build.0 = Release|Any CPU
		{7FB453DF-52C1-42A7-8743-0B45F2DA1725}.Debug|Any CPU.ActiveCfg = Debug|Any CPU
		{7FB453DF-52C1-42A7-8743-0B45F2DA1725}.Debug|Any CPU.Build.0 = Debug|Any CPU
		{7FB453DF-52C1-42A7-8743-0B45F2DA1725}.Release|Any CPU.ActiveCfg = Release|Any CPU
		{7FB453DF-52C1-42A7-8743-0B45F2DA1725}.Release|Any CPU.Build.0 = Release|Any CPU
		{09BE248B-4A48-45D3-9BCF-FFD6C3F83B5D}.Debug|Any CPU.ActiveCfg = Debug|Any CPU
		{09BE248B-4A48-45D3-9BCF-FFD6C3F83B5D}.Debug|Any CPU.Build.0 = Debug|Any CPU
		{09BE248B-4A48-45D3-9BCF-FFD6C3F83B5D}.Release|Any CPU.ActiveCfg = Release|Any CPU
		{09BE248B-4A48-45D3-9BCF-FFD6C3F83B5D}.Release|Any CPU.Build.0 = Release|Any CPU
		{DF995444-58CE-4765-8982-BB866142BE5E}.Debug|Any CPU.ActiveCfg = Debug|Any CPU
		{DF995444-58CE-4765-8982-BB866142BE5E}.Debug|Any CPU.Build.0 = Debug|Any CPU
		{DF995444-58CE-4765-8982-BB866142BE5E}.Release|Any CPU.ActiveCfg = Release|Any CPU
		{DF995444-58CE-4765-8982-BB866142BE5E}.Release|Any CPU.Build.0 = Release|Any CPU
		{A7583774-E6AC-4AB8-A892-027CF22A990A}.Debug|Any CPU.ActiveCfg = Debug|Any CPU
		{A7583774-E6AC-4AB8-A892-027CF22A990A}.Debug|Any CPU.Build.0 = Debug|Any CPU
		{A7583774-E6AC-4AB8-A892-027CF22A990A}.Release|Any CPU.ActiveCfg = Release|Any CPU
		{A7583774-E6AC-4AB8-A892-027CF22A990A}.Release|Any CPU.Build.0 = Release|Any CPU
		{AB71E00C-182A-4A8B-A8D8-1639B69D041B}.Debug|Any CPU.ActiveCfg = Debug|Any CPU
		{AB71E00C-182A-4A8B-A8D8-1639B69D041B}.Debug|Any CPU.Build.0 = Debug|Any CPU
		{AB71E00C-182A-4A8B-A8D8-1639B69D041B}.Release|Any CPU.ActiveCfg = Release|Any CPU
		{AB71E00C-182A-4A8B-A8D8-1639B69D041B}.Release|Any CPU.Build.0 = Release|Any CPU
		{A51CB1B9-4609-4DC8-BD92-FCDCA1BF5276}.Debug|Any CPU.ActiveCfg = Debug|Any CPU
		{A51CB1B9-4609-4DC8-BD92-FCDCA1BF5276}.Debug|Any CPU.Build.0 = Debug|Any CPU
		{A51CB1B9-4609-4DC8-BD92-FCDCA1BF5276}.Release|Any CPU.ActiveCfg = Release|Any CPU
		{A51CB1B9-4609-4DC8-BD92-FCDCA1BF5276}.Release|Any CPU.Build.0 = Release|Any CPU
	EndGlobalSection
	GlobalSection(SolutionProperties) = preSolution
		HideSolutionNode = FALSE
	EndGlobalSection
	GlobalSection(NestedProjects) = preSolution
		{5405D98F-78CD-436C-8C6C-9895C30330C9} = {7F72A9EB-D0F7-4BCD-B4C3-197ACC8D3BDF}
		{A93C7EC5-A6C5-464A-A413-BA5E4E51B5EE} = {7F72A9EB-D0F7-4BCD-B4C3-197ACC8D3BDF}
		{338C6DD7-84A1-481A-BE33-158BBA064985} = {5405D98F-78CD-436C-8C6C-9895C30330C9}
		{A7583774-E6AC-4AB8-A892-027CF22A990A} = {338C6DD7-84A1-481A-BE33-158BBA064985}
		{AB71E00C-182A-4A8B-A8D8-1639B69D041B} = {338C6DD7-84A1-481A-BE33-158BBA064985}
	EndGlobalSection
	GlobalSection(ExtensibilityGlobals) = postSolution
		SolutionGuid = {AE0A6B38-A271-473E-AA2D-90A78E634B43}
	EndGlobalSection
EndGlobal
